
Microsoft Visual Studio Solution File, Format Version 12.00
# Visual Studio Version 17
VisualStudioVersion = 17.4.33110.190
MinimumVisualStudioVersion = 10.0.40219.1
Project("{8BC9CEB8-8B4A-11D0-8D11-00A0C91BC942}") = "katranROVfw", "katranROVfw.vcxproj", "{C5F80730-F44F-4478-BDAE-6634EFC2CA88}"
EndProject
Project("{8BC9CEB8-8B4A-11D0-8D11-00A0C91BC942}") = "SPI-1.0", "Libraries\SPI\1.0\SPI\SPI-1.0.vcxitems", "{E3B8DF37-FA86-40DA-AFA6-787AF2F7E770}"
EndProject
Project("{8BC9CEB8-8B4A-11D0-8D11-00A0C91BC942}") = "MPU6050-0.0.2", "Libraries\MPU6050\0.0.2\MPU6050\MPU6050-0.0.2.vcxitems", "{AB2E3AF7-A5CA-4A1E-89AF-3EFC7D6DE7FF}"
EndProject
Project("{8BC9CEB8-8B4A-11D0-8D11-00A0C91BC942}") = "Wire-1.0", "Libraries\Wire\1.0\Wire\Wire-1.0.vcxitems", "{BC680AA3-C288-45DF-A2EF-C1E60152B868}"
EndProject
Project("{8BC9CEB8-8B4A-11D0-8D11-00A0C91BC942}") = "adafruit-Adafruit-Motor-Shield-library-99381df-1.0.0", "Libraries\adafruit-Adafruit-Motor-Shield-library-99381df\1.0.0\adafruit-Adafruit-Motor-Shield-library-99381df\adafruit-Adafruit-Motor-Shield-library-99381df-1.0.0.vcxitems", "{2406E229-926F-4E1E-B5C4-2C7CE51D0E19}"
EndProject
Project("{8BC9CEB8-8B4A-11D0-8D11-00A0C91BC942}") = "BlueRobotics_MS5837_Library-master-1.1.1", "Libraries\BlueRobotics_MS5837_Library-master\1.1.1\BlueRobotics_MS5837_Library-master\BlueRobotics_MS5837_Library-master-1.1.1.vcxitems", "{F8F518E3-D98C-4DB4-BE6F-6A5EBD6AA585}"
EndProject
Project("{8BC9CEB8-8B4A-11D0-8D11-00A0C91BC942}") = "AccelStepper-0.0.0", "Libraries\AccelStepper\0.0.0\AccelStepper\AccelStepper-0.0.0.vcxitems", "{D4C9BE4C-CDCE-47D7-8893-3ED5E2F93775}"
EndProject
Project("{8BC9CEB8-8B4A-11D0-8D11-00A0C91BC942}") = "ArduinoOTA-1.0.9", "Libraries\ArduinoOTA\1.0.9\ArduinoOTA\ArduinoOTA-1.0.9.vcxitems", "{4DBF667B-B942-46E2-97B5-931D1A1CD0F6}"
EndProject
Global
	GlobalSection(SolutionConfigurationPlatforms) = preSolution
		Debug|x86 = Debug|x86
		Release|x86 = Release|x86
	EndGlobalSection
	GlobalSection(ProjectConfigurationPlatforms) = postSolution
		{C5F80730-F44F-4478-BDAE-6634EFC2CA88}.Debug|x86.ActiveCfg = Debug|Win32
		{C5F80730-F44F-4478-BDAE-6634EFC2CA88}.Debug|x86.Build.0 = Debug|Win32
		{C5F80730-F44F-4478-BDAE-6634EFC2CA88}.Release|x86.ActiveCfg = Release|Win32
		{C5F80730-F44F-4478-BDAE-6634EFC2CA88}.Release|x86.Build.0 = Release|Win32
	EndGlobalSection
	GlobalSection(SolutionProperties) = preSolution
		HideSolutionNode = FALSE
	EndGlobalSection
	GlobalSection(ExtensibilityGlobals) = postSolution
		SolutionGuid = {02A4E5B6-1F23-41F3-8B87-07B9C75234B2}
	EndGlobalSection
	GlobalSection(SharedMSBuildProjectFiles) = preSolution
		Libraries\adafruit-Adafruit-Motor-Shield-library-99381df\1.0.0\adafruit-Adafruit-Motor-Shield-library-99381df\adafruit-Adafruit-Motor-Shield-library-99381df-1.0.0.vcxitems*{2406e229-926f-4e1e-b5c4-2c7ce51d0e19}*SharedItemsImports = 9
		Libraries\ArduinoOTA\1.0.9\ArduinoOTA\ArduinoOTA-1.0.9.vcxitems*{4dbf667b-b942-46e2-97b5-931d1a1cd0f6}*SharedItemsImports = 9
		Libraries\MPU6050\0.0.2\MPU6050\MPU6050-0.0.2.vcxitems*{ab2e3af7-a5ca-4a1e-89af-3efc7d6de7ff}*SharedItemsImports = 9
		Libraries\Wire\1.0\Wire\Wire-1.0.vcxitems*{bc680aa3-c288-45df-a2ef-c1e60152b868}*SharedItemsImports = 9
		Libraries\AccelStepper\0.0.0\AccelStepper\AccelStepper-0.0.0.vcxitems*{c5f80730-f44f-4478-bdae-6634efc2ca88}*SharedItemsImports = 4
		Libraries\adafruit-Adafruit-Motor-Shield-library-99381df\1.0.0\adafruit-Adafruit-Motor-Shield-library-99381df\adafruit-Adafruit-Motor-Shield-library-99381df-1.0.0.vcxitems*{c5f80730-f44f-4478-bdae-6634efc2ca88}*SharedItemsImports = 4
		Libraries\ArduinoOTA\1.0.9\ArduinoOTA\ArduinoOTA-1.0.9.vcxitems*{c5f80730-f44f-4478-bdae-6634efc2ca88}*SharedItemsImports = 4
		Libraries\BlueRobotics_MS5837_Library-master\1.1.1\BlueRobotics_MS5837_Library-master\BlueRobotics_MS5837_Library-master-1.1.1.vcxitems*{c5f80730-f44f-4478-bdae-6634efc2ca88}*SharedItemsImports = 4
		Libraries\MPU6050\0.0.2\MPU6050\MPU6050-0.0.2.vcxitems*{c5f80730-f44f-4478-bdae-6634efc2ca88}*SharedItemsImports = 4
		Libraries\SPI\1.0\SPI\SPI-1.0.vcxitems*{c5f80730-f44f-4478-bdae-6634efc2ca88}*SharedItemsImports = 4
		Libraries\Wire\1.0\Wire\Wire-1.0.vcxitems*{c5f80730-f44f-4478-bdae-6634efc2ca88}*SharedItemsImports = 4
		Libraries\AccelStepper\0.0.0\AccelStepper\AccelStepper-0.0.0.vcxitems*{d4c9be4c-cdce-47d7-8893-3ed5e2f93775}*SharedItemsImports = 9
		Libraries\SPI\1.0\SPI\SPI-1.0.vcxitems*{e3b8df37-fa86-40da-afa6-787af2f7e770}*SharedItemsImports = 9
		Libraries\BlueRobotics_MS5837_Library-master\1.1.1\BlueRobotics_MS5837_Library-master\BlueRobotics_MS5837_Library-master-1.1.1.vcxitems*{f8f518e3-d98c-4db4-be6f-6a5ebd6aa585}*SharedItemsImports = 9
	EndGlobalSection
EndGlobal
